// !$*UTF8*$!
{
	archiveVersion = 1;
	classes = {
	};
	objectVersion = 46;
	objects = {

/* Begin PBXBuildFile section */
		400384B81B404979003071FD /* main.m in Sources */ = {isa = PBXBuildFile; fileRef = 400384B71B404979003071FD /* main.m */; };
		400384BB1B404979003071FD /* AppDelegate.m in Sources */ = {isa = PBXBuildFile; fileRef = 400384BA1B404979003071FD /* AppDelegate.m */; };
		400384BE1B404979003071FD /* ViewController.m in Sources */ = {isa = PBXBuildFile; fileRef = 400384BD1B404979003071FD /* ViewController.m */; };
		400384C31B404979003071FD /* Assets.xcassets in Resources */ = {isa = PBXBuildFile; fileRef = 400384C21B404979003071FD /* Assets.xcassets */; };
		400384F71B405BA8003071FD /* Default-568h@2x.png in Resources */ = {isa = PBXBuildFile; fileRef = 400384F61B405BA8003071FD /* Default-568h@2x.png */; };
		400384FE1B405F52003071FD /* NSString+Tools.m in Sources */ = {isa = PBXBuildFile; fileRef = 400384FD1B405F52003071FD /* NSString+Tools.m */; };
		401FC7B31D2FA40A0010B4A7 /* UIViewController+XFSettings.m in Sources */ = {isa = PBXBuildFile; fileRef = 401FC7921D2FA40A0010B4A7 /* UIViewController+XFSettings.m */; };
		401FC7B41D2FA40A0010B4A7 /* XFCellAttrsData.m in Sources */ = {isa = PBXBuildFile; fileRef = 401FC7941D2FA40A0010B4A7 /* XFCellAttrsData.m */; };
		401FC7B51D2FA40A0010B4A7 /* XFSettingArrowItem.m in Sources */ = {isa = PBXBuildFile; fileRef = 401FC7961D2FA40A0010B4A7 /* XFSettingArrowItem.m */; };
		401FC7B61D2FA40A0010B4A7 /* XFSettingAssistImageCell.m in Sources */ = {isa = PBXBuildFile; fileRef = 401FC7981D2FA40A0010B4A7 /* XFSettingAssistImageCell.m */; };
		401FC7B71D2FA40A0010B4A7 /* XFSettingAssistImageItem.m in Sources */ = {isa = PBXBuildFile; fileRef = 401FC79A1D2FA40A0010B4A7 /* XFSettingAssistImageItem.m */; };
		401FC7B81D2FA40A0010B4A7 /* XFSettingCell.m in Sources */ = {isa = PBXBuildFile; fileRef = 401FC79C1D2FA40A0010B4A7 /* XFSettingCell.m */; };
		401FC7B91D2FA40A0010B4A7 /* XFSettingGroup.m in Sources */ = {isa = PBXBuildFile; fileRef = 401FC79E1D2FA40A0010B4A7 /* XFSettingGroup.m */; };
		401FC7BA1D2FA40A0010B4A7 /* XFSettingInfoCell.m in Sources */ = {isa = PBXBuildFile; fileRef = 401FC7A01D2FA40A0010B4A7 /* XFSettingInfoCell.m */; };
		401FC7BB1D2FA40A0010B4A7 /* XFSettingInfoCountCell.m in Sources */ = {isa = PBXBuildFile; fileRef = 401FC7A21D2FA40A0010B4A7 /* XFSettingInfoCountCell.m */; };
		401FC7BC1D2FA40A0010B4A7 /* XFSettingInfoDotCell.m in Sources */ = {isa = PBXBuildFile; fileRef = 401FC7A41D2FA40A0010B4A7 /* XFSettingInfoDotCell.m */; };
		401FC7BD1D2FA40A0010B4A7 /* XFSettingInfoItem.m in Sources */ = {isa = PBXBuildFile; fileRef = 401FC7A61D2FA40A0010B4A7 /* XFSettingInfoItem.m */; };
		401FC7BE1D2FA40A0010B4A7 /* XFSettingItem.m in Sources */ = {isa = PBXBuildFile; fileRef = 401FC7A81D2FA40A0010B4A7 /* XFSettingItem.m */; };
		401FC7BF1D2FA40A0010B4A7 /* XFSettings.m in Sources */ = {isa = PBXBuildFile; fileRef = 401FC7AA1D2FA40A0010B4A7 /* XFSettings.m */; };
		401FC7C01D2FA40A0010B4A7 /* XFSettingSwitchItem.m in Sources */ = {isa = PBXBuildFile; fileRef = 401FC7AD1D2FA40A0010B4A7 /* XFSettingSwitchItem.m */; };
		401FC7C11D2FA40A0010B4A7 /* XFSettingTableViewController.m in Sources */ = {isa = PBXBuildFile; fileRef = 401FC7AF1D2FA40A0010B4A7 /* XFSettingTableViewController.m */; };
		401FC7C21D2FA40A0010B4A7 /* XFTableViewAgent.m in Sources */ = {isa = PBXBuildFile; fileRef = 401FC7B21D2FA40A0010B4A7 /* XFTableViewAgent.m */; };
		40C058AF1B7E04FE00575C21 /* XFNewFriendViewController.m in Sources */ = {isa = PBXBuildFile; fileRef = 40C058AD1B7E04FE00575C21 /* XFNewFriendViewController.m */; };
		40C058B01B7E04FE00575C21 /* XFNewFriendViewController.xib in Resources */ = {isa = PBXBuildFile; fileRef = 40C058AE1B7E04FE00575C21 /* XFNewFriendViewController.xib */; };
		40F4057C1B66257100A93A48 /* UpdateViewController.m in Sources */ = {isa = PBXBuildFile; fileRef = 40F4057A1B66257100A93A48 /* UpdateViewController.m */; };
		40F4057D1B66257100A93A48 /* UpdateViewController.xib in Resources */ = {isa = PBXBuildFile; fileRef = 40F4057B1B66257100A93A48 /* UpdateViewController.xib */; };
/* End PBXBuildFile section */

/* Begin PBXFileReference section */
		400384B31B404979003071FD /* XFSettingsExample.app */ = {isa = PBXFileReference; explicitFileType = wrapper.application; includeInIndex = 0; path = XFSettingsExample.app; sourceTree = BUILT_PRODUCTS_DIR; };
		400384B71B404979003071FD /* main.m */ = {isa = PBXFileReference; lastKnownFileType = sourcecode.c.objc; path = main.m; sourceTree = "<group>"; };
		400384B91B404979003071FD /* AppDelegate.h */ = {isa = PBXFileReference; lastKnownFileType = sourcecode.c.h; path = AppDelegate.h; sourceTree = "<group>"; };
		400384BA1B404979003071FD /* AppDelegate.m */ = {isa = PBXFileReference; lastKnownFileType = sourcecode.c.objc; path = AppDelegate.m; sourceTree = "<group>"; };
		400384BC1B404979003071FD /* ViewController.h */ = {isa = PBXFileReference; lastKnownFileType = sourcecode.c.h; path = ViewController.h; sourceTree = "<group>"; };
		400384BD1B404979003071FD /* ViewController.m */ = {isa = PBXFileReference; lastKnownFileType = sourcecode.c.objc; path = ViewController.m; sourceTree = "<group>"; };
		400384C21B404979003071FD /* Assets.xcassets */ = {isa = PBXFileReference; lastKnownFileType = folder.assetcatalog; path = Assets.xcassets; sourceTree = "<group>"; };
		400384C71B404979003071FD /* Info.plist */ = {isa = PBXFileReference; lastKnownFileType = text.plist.xml; path = Info.plist; sourceTree = "<group>"; };
		400384F61B405BA8003071FD /* Default-568h@2x.png */ = {isa = PBXFileReference; lastKnownFileType = image.png; path = "Default-568h@2x.png"; sourceTree = "<group>"; };
		400384FC1B405F52003071FD /* NSString+Tools.h */ = {isa = PBXFileReference; fileEncoding = 4; lastKnownFileType = sourcecode.c.h; name = "NSString+Tools.h"; path = "Category/NSString+Tools.h"; sourceTree = "<group>"; };
		400384FD1B405F52003071FD /* NSString+Tools.m */ = {isa = PBXFileReference; fileEncoding = 4; lastKnownFileType = sourcecode.c.objc; name = "NSString+Tools.m"; path = "Category/NSString+Tools.m"; sourceTree = "<group>"; };
		401FC7911D2FA40A0010B4A7 /* UIViewController+XFSettings.h */ = {isa = PBXFileReference; fileEncoding = 4; lastKnownFileType = sourcecode.c.h; path = "UIViewController+XFSettings.h"; sourceTree = "<group>"; };
		401FC7921D2FA40A0010B4A7 /* UIViewController+XFSettings.m */ = {isa = PBXFileReference; fileEncoding = 4; lastKnownFileType = sourcecode.c.objc; path = "UIViewController+XFSettings.m"; sourceTree = "<group>"; };
		401FC7931D2FA40A0010B4A7 /* XFCellAttrsData.h */ = {isa = PBXFileReference; fileEncoding = 4; lastKnownFileType = sourcecode.c.h; path = XFCellAttrsData.h; sourceTree = "<group>"; };
		401FC7941D2FA40A0010B4A7 /* XFCellAttrsData.m */ = {isa = PBXFileReference; fileEncoding = 4; lastKnownFileType = sourcecode.c.objc; path = XFCellAttrsData.m; sourceTree = "<group>"; };
		401FC7951D2FA40A0010B4A7 /* XFSettingArrowItem.h */ = {isa = PBXFileReference; fileEncoding = 4; lastKnownFileType = sourcecode.c.h; path = XFSettingArrowItem.h; sourceTree = "<group>"; };
		401FC7961D2FA40A0010B4A7 /* XFSettingArrowItem.m */ = {isa = PBXFileReference; fileEncoding = 4; lastKnownFileType = sourcecode.c.objc; path = XFSettingArrowItem.m; sourceTree = "<group>"; };
		401FC7971D2FA40A0010B4A7 /* XFSettingAssistImageCell.h */ = {isa = PBXFileReference; fileEncoding = 4; lastKnownFileType = sourcecode.c.h; path = XFSettingAssistImageCell.h; sourceTree = "<group>"; };
		401FC7981D2FA40A0010B4A7 /* XFSettingAssistImageCell.m */ = {isa = PBXFileReference; fileEncoding = 4; lastKnownFileType = sourcecode.c.objc; path = XFSettingAssistImageCell.m; sourceTree = "<group>"; };
		401FC7991D2FA40A0010B4A7 /* XFSettingAssistImageItem.h */ = {isa = PBXFileReference; fileEncoding = 4; lastKnownFileType = sourcecode.c.h; path = XFSettingAssistImageItem.h; sourceTree = "<group>"; };
		401FC79A1D2FA40A0010B4A7 /* XFSettingAssistImageItem.m */ = {isa = PBXFileReference; fileEncoding = 4; lastKnownFileType = sourcecode.c.objc; path = XFSettingAssistImageItem.m; sourceTree = "<group>"; };
		401FC79B1D2FA40A0010B4A7 /* XFSettingCell.h */ = {isa = PBXFileReference; fileEncoding = 4; lastKnownFileType = sourcecode.c.h; path = XFSettingCell.h; sourceTree = "<group>"; };
		401FC79C1D2FA40A0010B4A7 /* XFSettingCell.m */ = {isa = PBXFileReference; fileEncoding = 4; lastKnownFileType = sourcecode.c.objc; path = XFSettingCell.m; sourceTree = "<group>"; };
		401FC79D1D2FA40A0010B4A7 /* XFSettingGroup.h */ = {isa = PBXFileReference; fileEncoding = 4; lastKnownFileType = sourcecode.c.h; path = XFSettingGroup.h; sourceTree = "<group>"; };
		401FC79E1D2FA40A0010B4A7 /* XFSettingGroup.m */ = {isa = PBXFileReference; fileEncoding = 4; lastKnownFileType = sourcecode.c.objc; path = XFSettingGroup.m; sourceTree = "<group>"; };
		401FC79F1D2FA40A0010B4A7 /* XFSettingInfoCell.h */ = {isa = PBXFileReference; fileEncoding = 4; lastKnownFileType = sourcecode.c.h; path = XFSettingInfoCell.h; sourceTree = "<group>"; };
		401FC7A01D2FA40A0010B4A7 /* XFSettingInfoCell.m */ = {isa = PBXFileReference; fileEncoding = 4; lastKnownFileType = sourcecode.c.objc; path = XFSettingInfoCell.m; sourceTree = "<group>"; };
		401FC7A11D2FA40A0010B4A7 /* XFSettingInfoCountCell.h */ = {isa = PBXFileReference; fileEncoding = 4; lastKnownFileType = sourcecode.c.h; path = XFSettingInfoCountCell.h; sourceTree = "<group>"; };
		401FC7A21D2FA40A0010B4A7 /* XFSettingInfoCountCell.m */ = {isa = PBXFileReference; fileEncoding = 4; lastKnownFileType = sourcecode.c.objc; path = XFSettingInfoCountCell.m; sourceTree = "<group>"; };
		401FC7A31D2FA40A0010B4A7 /* XFSettingInfoDotCell.h */ = {isa = PBXFileReference; fileEncoding = 4; lastKnownFileType = sourcecode.c.h; path = XFSettingInfoDotCell.h; sourceTree = "<group>"; };
		401FC7A41D2FA40A0010B4A7 /* XFSettingInfoDotCell.m */ = {isa = PBXFileReference; fileEncoding = 4; lastKnownFileType = sourcecode.c.objc; path = XFSettingInfoDotCell.m; sourceTree = "<group>"; };
		401FC7A51D2FA40A0010B4A7 /* XFSettingInfoItem.h */ = {isa = PBXFileReference; fileEncoding = 4; lastKnownFileType = sourcecode.c.h; path = XFSettingInfoItem.h; sourceTree = "<group>"; };
		401FC7A61D2FA40A0010B4A7 /* XFSettingInfoItem.m */ = {isa = PBXFileReference; fileEncoding = 4; lastKnownFileType = sourcecode.c.objc; path = XFSettingInfoItem.m; sourceTree = "<group>"; };
		401FC7A71D2FA40A0010B4A7 /* XFSettingItem.h */ = {isa = PBXFileReference; fileEncoding = 4; lastKnownFileType = sourcecode.c.h; path = XFSettingItem.h; sourceTree = "<group>"; };
		401FC7A81D2FA40A0010B4A7 /* XFSettingItem.m */ = {isa = PBXFileReference; fileEncoding = 4; lastKnownFileType = sourcecode.c.objc; path = XFSettingItem.m; sourceTree = "<group>"; };
		401FC7A91D2FA40A0010B4A7 /* XFSettings.h */ = {isa = PBXFileReference; fileEncoding = 4; lastKnownFileType = sourcecode.c.h; path = XFSettings.h; sourceTree = "<group>"; };
		401FC7AA1D2FA40A0010B4A7 /* XFSettings.m */ = {isa = PBXFileReference; fileEncoding = 4; lastKnownFileType = sourcecode.c.objc; path = XFSettings.m; sourceTree = "<group>"; };
		401FC7AB1D2FA40A0010B4A7 /* XFSettingsProt.h */ = {isa = PBXFileReference; fileEncoding = 4; lastKnownFileType = sourcecode.c.h; path = XFSettingsProt.h; sourceTree = "<group>"; };
		401FC7AC1D2FA40A0010B4A7 /* XFSettingSwitchItem.h */ = {isa = PBXFileReference; fileEncoding = 4; lastKnownFileType = sourcecode.c.h; path = XFSettingSwitchItem.h; sourceTree = "<group>"; };
		401FC7AD1D2FA40A0010B4A7 /* XFSettingSwitchItem.m */ = {isa = PBXFileReference; fileEncoding = 4; lastKnownFileType = sourcecode.c.objc; path = XFSettingSwitchItem.m; sourceTree = "<group>"; };
		401FC7AE1D2FA40A0010B4A7 /* XFSettingTableViewController.h */ = {isa = PBXFileReference; fileEncoding = 4; lastKnownFileType = sourcecode.c.h; path = XFSettingTableViewController.h; sourceTree = "<group>"; };
		401FC7AF1D2FA40A0010B4A7 /* XFSettingTableViewController.m */ = {isa = PBXFileReference; fileEncoding = 4; lastKnownFileType = sourcecode.c.objc; path = XFSettingTableViewController.m; sourceTree = "<group>"; };
		401FC7B01D2FA40A0010B4A7 /* XFSettingTableViewDataSource.h */ = {isa = PBXFileReference; fileEncoding = 4; lastKnownFileType = sourcecode.c.h; path = XFSettingTableViewDataSource.h; sourceTree = "<group>"; };
		401FC7B11D2FA40A0010B4A7 /* XFTableViewAgent.h */ = {isa = PBXFileReference; fileEncoding = 4; lastKnownFileType = sourcecode.c.h; path = XFTableViewAgent.h; sourceTree = "<group>"; };
		401FC7B21D2FA40A0010B4A7 /* XFTableViewAgent.m */ = {isa = PBXFileReference; fileEncoding = 4; lastKnownFileType = sourcecode.c.objc; path = XFTableViewAgent.m; sourceTree = "<group>"; };
		40C058AC1B7E04FE00575C21 /* XFNewFriendViewController.h */ = {isa = PBXFileReference; fileEncoding = 4; lastKnownFileType = sourcecode.c.h; path = XFNewFriendViewController.h; sourceTree = "<group>"; };
		40C058AD1B7E04FE00575C21 /* XFNewFriendViewController.m */ = {isa = PBXFileReference; fileEncoding = 4; lastKnownFileType = sourcecode.c.objc; path = XFNewFriendViewController.m; sourceTree = "<group>"; };
		40C058AE1B7E04FE00575C21 /* XFNewFriendViewController.xib */ = {isa = PBXFileReference; fileEncoding = 4; lastKnownFileType = file.xib; path = XFNewFriendViewController.xib; sourceTree = "<group>"; };
		40F405791B66257100A93A48 /* UpdateViewController.h */ = {isa = PBXFileReference; fileEncoding = 4; lastKnownFileType = sourcecode.c.h; path = UpdateViewController.h; sourceTree = "<group>"; };
		40F4057A1B66257100A93A48 /* UpdateViewController.m */ = {isa = PBXFileReference; fileEncoding = 4; lastKnownFileType = sourcecode.c.objc; path = UpdateViewController.m; sourceTree = "<group>"; };
		40F4057B1B66257100A93A48 /* UpdateViewController.xib */ = {isa = PBXFileReference; fileEncoding = 4; lastKnownFileType = file.xib; path = UpdateViewController.xib; sourceTree = "<group>"; };
/* End PBXFileReference section */

/* Begin PBXFrameworksBuildPhase section */
		400384B01B404979003071FD /* Frameworks */ = {
			isa = PBXFrameworksBuildPhase;
			buildActionMask = 2147483647;
			files = (
			);
			runOnlyForDeploymentPostprocessing = 0;
		};
/* End PBXFrameworksBuildPhase section */

/* Begin PBXGroup section */
		400384AA1B404979003071FD = {
			isa = PBXGroup;
			children = (
				400384F61B405BA8003071FD /* Default-568h@2x.png */,
				401FC7901D2FA40A0010B4A7 /* XFSettings */,
				400384B51B404979003071FD /* XFSettingsExample */,
				400384B41B404979003071FD /* Products */,
			);
			sourceTree = "<group>";
		};
		400384B41B404979003071FD /* Products */ = {
			isa = PBXGroup;
			children = (
				400384B31B404979003071FD /* XFSettingsExample.app */,
			);
			name = Products;
			sourceTree = "<group>";
		};
		400384B51B404979003071FD /* XFSettingsExample */ = {
			isa = PBXGroup;
			children = (
				400384FB1B405F30003071FD /* Category */,
				400384B91B404979003071FD /* AppDelegate.h */,
				400384BA1B404979003071FD /* AppDelegate.m */,
				400384BC1B404979003071FD /* ViewController.h */,
				400384BD1B404979003071FD /* ViewController.m */,
				40F405791B66257100A93A48 /* UpdateViewController.h */,
				40F4057A1B66257100A93A48 /* UpdateViewController.m */,
				40F4057B1B66257100A93A48 /* UpdateViewController.xib */,
				40C058AC1B7E04FE00575C21 /* XFNewFriendViewController.h */,
				40C058AD1B7E04FE00575C21 /* XFNewFriendViewController.m */,
				40C058AE1B7E04FE00575C21 /* XFNewFriendViewController.xib */,
				400384C21B404979003071FD /* Assets.xcassets */,
				400384C71B404979003071FD /* Info.plist */,
				400384B61B404979003071FD /* Supporting Files */,
			);
			path = XFSettingsExample;
			sourceTree = "<group>";
		};
		400384B61B404979003071FD /* Supporting Files */ = {
			isa = PBXGroup;
			children = (
				400384B71B404979003071FD /* main.m */,
			);
			name = "Supporting Files";
			sourceTree = "<group>";
		};
		400384FB1B405F30003071FD /* Category */ = {
			isa = PBXGroup;
			children = (
				400384FC1B405F52003071FD /* NSString+Tools.h */,
				400384FD1B405F52003071FD /* NSString+Tools.m */,
			);
			name = Category;
			sourceTree = "<group>";
		};
		401FC7901D2FA40A0010B4A7 /* XFSettings */ = {
			isa = PBXGroup;
			children = (
				401FC7911D2FA40A0010B4A7 /* UIViewController+XFSettings.h */,
				401FC7921D2FA40A0010B4A7 /* UIViewController+XFSettings.m */,
				401FC7931D2FA40A0010B4A7 /* XFCellAttrsData.h */,
				401FC7941D2FA40A0010B4A7 /* XFCellAttrsData.m */,
				401FC7951D2FA40A0010B4A7 /* XFSettingArrowItem.h */,
				401FC7961D2FA40A0010B4A7 /* XFSettingArrowItem.m */,
				401FC7971D2FA40A0010B4A7 /* XFSettingAssistImageCell.h */,
				401FC7981D2FA40A0010B4A7 /* XFSettingAssistImageCell.m */,
				401FC7991D2FA40A0010B4A7 /* XFSettingAssistImageItem.h */,
				401FC79A1D2FA40A0010B4A7 /* XFSettingAssistImageItem.m */,
				401FC79B1D2FA40A0010B4A7 /* XFSettingCell.h */,
				401FC79C1D2FA40A0010B4A7 /* XFSettingCell.m */,
				401FC79D1D2FA40A0010B4A7 /* XFSettingGroup.h */,
				401FC79E1D2FA40A0010B4A7 /* XFSettingGroup.m */,
				401FC79F1D2FA40A0010B4A7 /* XFSettingInfoCell.h */,
				401FC7A01D2FA40A0010B4A7 /* XFSettingInfoCell.m */,
				401FC7A11D2FA40A0010B4A7 /* XFSettingInfoCountCell.h */,
				401FC7A21D2FA40A0010B4A7 /* XFSettingInfoCountCell.m */,
				401FC7A31D2FA40A0010B4A7 /* XFSettingInfoDotCell.h */,
				401FC7A41D2FA40A0010B4A7 /* XFSettingInfoDotCell.m */,
				401FC7A51D2FA40A0010B4A7 /* XFSettingInfoItem.h */,
				401FC7A61D2FA40A0010B4A7 /* XFSettingInfoItem.m */,
				401FC7A71D2FA40A0010B4A7 /* XFSettingItem.h */,
				401FC7A81D2FA40A0010B4A7 /* XFSettingItem.m */,
				401FC7A91D2FA40A0010B4A7 /* XFSettings.h */,
				401FC7AA1D2FA40A0010B4A7 /* XFSettings.m */,
				401FC7AB1D2FA40A0010B4A7 /* XFSettingsProt.h */,
				401FC7AC1D2FA40A0010B4A7 /* XFSettingSwitchItem.h */,
				401FC7AD1D2FA40A0010B4A7 /* XFSettingSwitchItem.m */,
				401FC7AE1D2FA40A0010B4A7 /* XFSettingTableViewController.h */,
				401FC7AF1D2FA40A0010B4A7 /* XFSettingTableViewController.m */,
				401FC7B01D2FA40A0010B4A7 /* XFSettingTableViewDataSource.h */,
				401FC7B11D2FA40A0010B4A7 /* XFTableViewAgent.h */,
				401FC7B21D2FA40A0010B4A7 /* XFTableViewAgent.m */,
			);
			path = XFSettings;
			sourceTree = "<group>";
		};
/* End PBXGroup section */

/* Begin PBXNativeTarget section */
		400384B21B404979003071FD /* XFSettingsExample */ = {
			isa = PBXNativeTarget;
			buildConfigurationList = 400384CA1B404979003071FD /* Build configuration list for PBXNativeTarget "XFSettingsExample" */;
			buildPhases = (
				400384AF1B404979003071FD /* Sources */,
				400384B01B404979003071FD /* Frameworks */,
				400384B11B404979003071FD /* Resources */,
			);
			buildRules = (
			);
			dependencies = (
			);
			name = XFSettingsExample;
			productName = XFSettingsExample;
			productReference = 400384B31B404979003071FD /* XFSettingsExample.app */;
			productType = "com.apple.product-type.application";
		};
/* End PBXNativeTarget section */

/* Begin PBXProject section */
		400384AB1B404979003071FD /* Project object */ = {
			isa = PBXProject;
			attributes = {
				LastUpgradeCheck = 0700;
				ORGANIZATIONNAME = Yizzuide;
				TargetAttributes = {
					400384B21B404979003071FD = {
						CreatedOnToolsVersion = 7.0;
						DevelopmentTeam = W7Y2AH8S44;
					};
				};
			};
			buildConfigurationList = 400384AE1B404979003071FD /* Build configuration list for PBXProject "XFSettingsExample" */;
			compatibilityVersion = "Xcode 3.2";
			developmentRegion = English;
			hasScannedForEncodings = 0;
			knownRegions = (
				en,
				Base,
			);
			mainGroup = 400384AA1B404979003071FD;
			productRefGroup = 400384B41B404979003071FD /* Products */;
			projectDirPath = "";
			projectRoot = "";
			targets = (
				400384B21B404979003071FD /* XFSettingsExample */,
			);
		};
/* End PBXProject section */

/* Begin PBXResourcesBuildPhase section */
		400384B11B404979003071FD /* Resources */ = {
			isa = PBXResourcesBuildPhase;
			buildActionMask = 2147483647;
			files = (
				400384C31B404979003071FD /* Assets.xcassets in Resources */,
				40C058B01B7E04FE00575C21 /* XFNewFriendViewController.xib in Resources */,
				400384F71B405BA8003071FD /* Default-568h@2x.png in Resources */,
				40F4057D1B66257100A93A48 /* UpdateViewController.xib in Resources */,
			);
			runOnlyForDeploymentPostprocessing = 0;
		};
/* End PBXResourcesBuildPhase section */

/* Begin PBXSourcesBuildPhase section */
		400384AF1B404979003071FD /* Sources */ = {
			isa = PBXSourcesBuildPhase;
			buildActionMask = 2147483647;
			files = (
				401FC7BC1D2FA40A0010B4A7 /* XFSettingInfoDotCell.m in Sources */,
				401FC7C21D2FA40A0010B4A7 /* XFTableViewAgent.m in Sources */,
				401FC7BF1D2FA40A0010B4A7 /* XFSettings.m in Sources */,
				40F4057C1B66257100A93A48 /* UpdateViewController.m in Sources */,
				400384BE1B404979003071FD /* ViewController.m in Sources */,
				401FC7BD1D2FA40A0010B4A7 /* XFSettingInfoItem.m in Sources */,
				401FC7B81D2FA40A0010B4A7 /* XFSettingCell.m in Sources */,
				401FC7B51D2FA40A0010B4A7 /* XFSettingArrowItem.m in Sources */,
				401FC7B41D2FA40A0010B4A7 /* XFCellAttrsData.m in Sources */,
				401FC7B91D2FA40A0010B4A7 /* XFSettingGroup.m in Sources */,
				401FC7BA1D2FA40A0010B4A7 /* XFSettingInfoCell.m in Sources */,
				400384BB1B404979003071FD /* AppDelegate.m in Sources */,
				401FC7B61D2FA40A0010B4A7 /* XFSettingAssistImageCell.m in Sources */,
				40C058AF1B7E04FE00575C21 /* XFNewFriendViewController.m in Sources */,
				401FC7BB1D2FA40A0010B4A7 /* XFSettingInfoCountCell.m in Sources */,
				400384B81B404979003071FD /* main.m in Sources */,
				400384FE1B405F52003071FD /* NSString+Tools.m in Sources */,
				401FC7B71D2FA40A0010B4A7 /* XFSettingAssistImageItem.m in Sources */,
				401FC7C11D2FA40A0010B4A7 /* XFSettingTableViewController.m in Sources */,
				401FC7C01D2FA40A0010B4A7 /* XFSettingSwitchItem.m in Sources */,
				401FC7B31D2FA40A0010B4A7 /* UIViewController+XFSettings.m in Sources */,
				401FC7BE1D2FA40A0010B4A7 /* XFSettingItem.m in Sources */,
			);
			runOnlyForDeploymentPostprocessing = 0;
		};
/* End PBXSourcesBuildPhase section */

/* Begin XCBuildConfiguration section */
		400384C81B404979003071FD /* Debug */ = {
			isa = XCBuildConfiguration;
			buildSettings = {
				ALWAYS_SEARCH_USER_PATHS = NO;
				CLANG_CXX_LANGUAGE_STANDARD = "gnu++0x";
				CLANG_CXX_LIBRARY = "libc++";
				CLANG_ENABLE_MODULES = YES;
				CLANG_ENABLE_OBJC_ARC = YES;
				CLANG_WARN_BOOL_CONVERSION = YES;
				CLANG_WARN_CONSTANT_CONVERSION = YES;
				CLANG_WARN_DIRECT_OBJC_ISA_USAGE = YES_ERROR;
				CLANG_WARN_EMPTY_BODY = YES;
				CLANG_WARN_ENUM_CONVERSION = YES;
				CLANG_WARN_INT_CONVERSION = YES;
				CLANG_WARN_OBJC_ROOT_CLASS = YES_ERROR;
				CLANG_WARN_UNREACHABLE_CODE = YES;
				CLANG_WARN__DUPLICATE_METHOD_MATCH = YES;
				"CODE_SIGN_IDENTITY[sdk=iphoneos*]" = "iPhone Developer";
				COPY_PHASE_STRIP = NO;
				DEBUG_INFORMATION_FORMAT = dwarf;
				ENABLE_STRICT_OBJC_MSGSEND = YES;
				ENABLE_TESTABILITY = YES;
				GCC_C_LANGUAGE_STANDARD = gnu99;
				GCC_DYNAMIC_NO_PIC = NO;
				GCC_NO_COMMON_BLOCKS = YES;
				GCC_OPTIMIZATION_LEVEL = 0;
				GCC_PREPROCESSOR_DEFINITIONS = (
					"DEBUG=1",
					"$(inherited)",
				);
				GCC_WARN_64_TO_32_BIT_CONVERSION = YES;
				GCC_WARN_ABOUT_RETURN_TYPE = YES_ERROR;
				GCC_WARN_UNDECLARED_SELECTOR = YES;
				GCC_WARN_UNINITIALIZED_AUTOS = YES_AGGRESSIVE;
				GCC_WARN_UNUSED_FUNCTION = YES;
				GCC_WARN_UNUSED_VARIABLE = YES;
				IPHONEOS_DEPLOYMENT_TARGET = 9.0;
				MTL_ENABLE_DEBUG_INFO = YES;
				ONLY_ACTIVE_ARCH = YES;
				SDKROOT = iphoneos;
			};
			name = Debug;
		};
		400384C91B404979003071FD /* Release */ = {
			isa = XCBuildConfiguration;
			buildSettings = {
				ALWAYS_SEARCH_USER_PATHS = NO;
				CLANG_CXX_LANGUAGE_STANDARD = "gnu++0x";
				CLANG_CXX_LIBRARY = "libc++";
				CLANG_ENABLE_MODULES = YES;
				CLANG_ENABLE_OBJC_ARC = YES;
				CLANG_WARN_BOOL_CONVERSION = YES;
				CLANG_WARN_CONSTANT_CONVERSION = YES;
				CLANG_WARN_DIRECT_OBJC_ISA_USAGE = YES_ERROR;
				CLANG_WARN_EMPTY_BODY = YES;
				CLANG_WARN_ENUM_CONVERSION = YES;
				CLANG_WARN_INT_CONVERSION = YES;
				CLANG_WARN_OBJC_ROOT_CLASS = YES_ERROR;
				CLANG_WARN_UNREACHABLE_CODE = YES;
				CLANG_WARN__DUPLICATE_METHOD_MATCH = YES;
				"CODE_SIGN_IDENTITY[sdk=iphoneos*]" = "iPhone Developer";
				COPY_PHASE_STRIP = NO;
				DEBUG_INFORMATION_FORMAT = "dwarf-with-dsym";
				ENABLE_NS_ASSERTIONS = NO;
				ENABLE_STRICT_OBJC_MSGSEND = YES;
				GCC_C_LANGUAGE_STANDARD = gnu99;
				GCC_NO_COMMON_BLOCKS = YES;
				GCC_WARN_64_TO_32_BIT_CONVERSION = YES;
				GCC_WARN_ABOUT_RETURN_TYPE = YES_ERROR;
				GCC_WARN_UNDECLARED_SELECTOR = YES;
				GCC_WARN_UNINITIALIZED_AUTOS = YES_AGGRESSIVE;
				GCC_WARN_UNUSED_FUNCTION = YES;
				GCC_WARN_UNUSED_VARIABLE = YES;
				IPHONEOS_DEPLOYMENT_TARGET = 9.0;
				MTL_ENABLE_DEBUG_INFO = NO;
				SDKROOT = iphoneos;
				VALIDATE_PRODUCT = YES;
			};
			name = Release;
		};
		400384CB1B404979003071FD /* Debug */ = {
			isa = XCBuildConfiguration;
			buildSettings = {
				ASSETCATALOG_COMPILER_APPICON_NAME = AppIcon;
				CODE_SIGN_IDENTITY = "iPhone Developer";
				"CODE_SIGN_IDENTITY[sdk=iphoneos*]" = "iPhone Developer";
				INFOPLIST_FILE = XFSettingsExample/Info.plist;
				IPHONEOS_DEPLOYMENT_TARGET = 6.0;
				LD_RUNPATH_SEARCH_PATHS = "$(inherited) @executable_path/Frameworks";
				OTHER_LDFLAGS = (
					"-ObjC",
					"-W",
				);
				PRODUCT_BUNDLE_IDENTIFIER = com.yizzuide.XFSettingsExample;
				PRODUCT_NAME = "$(TARGET_NAME)";
				PROVISIONING_PROFILE = "";
			};
			name = Debug;
		};
		400384CC1B404979003071FD /* Release */ = {
			isa = XCBuildConfiguration;
			buildSettings = {
				ASSETCATALOG_COMPILER_APPICON_NAME = AppIcon;
				CODE_SIGN_IDENTITY = "iPhone Developer";
				"CODE_SIGN_IDENTITY[sdk=iphoneos*]" = "iPhone Developer";
				INFOPLIST_FILE = XFSettingsExample/Info.plist;
				IPHONEOS_DEPLOYMENT_TARGET = 6.0;
				LD_RUNPATH_SEARCH_PATHS = "$(inherited) @executable_path/Frameworks";
				OTHER_LDFLAGS = (
					"-ObjC",
					"-W",
				);
				PRODUCT_BUNDLE_IDENTIFIER = com.yizzuide.XFSettingsExample;
				PRODUCT_NAME = "$(TARGET_NAME)";
				PROVISIONING_PROFILE = "";
			};
			name = Release;
		};
/* End XCBuildConfiguration section */

/* Begin XCConfigurationList section */
		400384AE1B404979003071FD /* Build configuration list for PBXProject "XFSettingsExample" */ = {
			isa = XCConfigurationList;
			buildConfigurations = (
				400384C81B404979003071FD /* Debug */,
				400384C91B404979003071FD /* Release */,
			);
			defaultConfigurationIsVisible = 0;
			defaultConfigurationName = Release;
		};
		400384CA1B404979003071FD /* Build configuration list for PBXNativeTarget "XFSettingsExample" */ = {
			isa = XCConfigurationList;
			buildConfigurations = (
				400384CB1B404979003071FD /* Debug */,
				400384CC1B404979003071FD /* Release */,
			);
			defaultConfigurationIsVisible = 0;
			defaultConfigurationName = Release;
		};
/* End XCConfigurationList section */
	};
	rootObject = 400384AB1B404979003071FD /* Project object */;
}
