// !$*UTF8*$!
{
	archiveVersion = 1;
	classes = {
	};
	objectVersion = 46;
	objects = {

/* Begin PBXBuildFile section */
		400384B81B404979003071FD /* main.m in Sources */ = {isa = PBXBuildFile; fileRef = 400384B71B404979003071FD /* main.m */; };
		400384BB1B404979003071FD /* AppDelegate.m in Sources */ = {isa = PBXBuildFile; fileRef = 400384BA1B404979003071FD /* AppDelegate.m */; };
		400384BE1B404979003071FD /* ViewController.m in Sources */ = {isa = PBXBuildFile; fileRef = 400384BD1B404979003071FD /* ViewController.m */; };
		400384C31B404979003071FD /* Assets.xcassets in Resources */ = {isa = PBXBuildFile; fileRef = 400384C21B404979003071FD /* Assets.xcassets */; };
		400384E11B404A6F003071FD /* XFSettingTableViewController.m in Sources */ = {isa = PBXBuildFile; fileRef = 400384CF1B404A6F003071FD /* XFSettingTableViewController.m */; };
		400384E21B404A6F003071FD /* XFSettingArrowItem.m in Sources */ = {isa = PBXBuildFile; fileRef = 400384D11B404A6F003071FD /* XFSettingArrowItem.m */; };
		400384E31B404A6F003071FD /* XFSettingCell.m in Sources */ = {isa = PBXBuildFile; fileRef = 400384D31B404A6F003071FD /* XFSettingCell.m */; };
		400384E41B404A6F003071FD /* XFSettingGroup.m in Sources */ = {isa = PBXBuildFile; fileRef = 400384D51B404A6F003071FD /* XFSettingGroup.m */; };
		400384E51B404A6F003071FD /* XFSettingInfoCell.m in Sources */ = {isa = PBXBuildFile; fileRef = 400384D71B404A6F003071FD /* XFSettingInfoCell.m */; };
		400384E61B404A6F003071FD /* XFSettingInfoCountCell.m in Sources */ = {isa = PBXBuildFile; fileRef = 400384D91B404A6F003071FD /* XFSettingInfoCountCell.m */; };
		400384E71B404A6F003071FD /* XFSettingInfoItem.m in Sources */ = {isa = PBXBuildFile; fileRef = 400384DB1B404A6F003071FD /* XFSettingInfoItem.m */; };
		400384E81B404A6F003071FD /* XFSettingItem.m in Sources */ = {isa = PBXBuildFile; fileRef = 400384DD1B404A6F003071FD /* XFSettingItem.m */; };
		400384E91B404A6F003071FD /* XFSettingSwitchItem.m in Sources */ = {isa = PBXBuildFile; fileRef = 400384E01B404A6F003071FD /* XFSettingSwitchItem.m */; };
		400384F71B405BA8003071FD /* Default-568h@2x.png in Resources */ = {isa = PBXBuildFile; fileRef = 400384F61B405BA8003071FD /* Default-568h@2x.png */; };
		400384FE1B405F52003071FD /* NSString+Tools.m in Sources */ = {isa = PBXBuildFile; fileRef = 400384FD1B405F52003071FD /* NSString+Tools.m */; };
		404672601B412F7D00D5BD62 /* XFSettingInfoDotCell.m in Sources */ = {isa = PBXBuildFile; fileRef = 4046725F1B412F7D00D5BD62 /* XFSettingInfoDotCell.m */; };
		40940A921B968DD6000635EC /* XFSettingAssistImageItem.m in Sources */ = {isa = PBXBuildFile; fileRef = 40940A911B968DD6000635EC /* XFSettingAssistImageItem.m */; };
		40940AE11B96A0D1000635EC /* XFCellAttrsData.m in Sources */ = {isa = PBXBuildFile; fileRef = 40940ADE1B96A0D1000635EC /* XFCellAttrsData.m */; };
		40940AE51B96A0FE000635EC /* XFSettingAssistImageCell.m in Sources */ = {isa = PBXBuildFile; fileRef = 40940AE41B96A0FE000635EC /* XFSettingAssistImageCell.m */; };
		4098AE9B1D1AE4ED00F0FE7A /* UIViewController+XFSettings.m in Sources */ = {isa = PBXBuildFile; fileRef = 4098AE9A1D1AE4ED00F0FE7A /* UIViewController+XFSettings.m */; };
		4098AE9D1D1AE53700F0FE7A /* XFSettings.m in Sources */ = {isa = PBXBuildFile; fileRef = 4098AE9C1D1AE53700F0FE7A /* XFSettings.m */; };
		40C058AF1B7E04FE00575C21 /* XFNewFriendViewController.m in Sources */ = {isa = PBXBuildFile; fileRef = 40C058AD1B7E04FE00575C21 /* XFNewFriendViewController.m */; };
		40C058B01B7E04FE00575C21 /* XFNewFriendViewController.xib in Resources */ = {isa = PBXBuildFile; fileRef = 40C058AE1B7E04FE00575C21 /* XFNewFriendViewController.xib */; };
		40F4057C1B66257100A93A48 /* UpdateViewController.m in Sources */ = {isa = PBXBuildFile; fileRef = 40F4057A1B66257100A93A48 /* UpdateViewController.m */; };
		40F4057D1B66257100A93A48 /* UpdateViewController.xib in Resources */ = {isa = PBXBuildFile; fileRef = 40F4057B1B66257100A93A48 /* UpdateViewController.xib */; };
/* End PBXBuildFile section */

/* Begin PBXFileReference section */
		400384B31B404979003071FD /* XFSettingsExample.app */ = {isa = PBXFileReference; explicitFileType = wrapper.application; includeInIndex = 0; path = XFSettingsExample.app; sourceTree = BUILT_PRODUCTS_DIR; };
		400384B71B404979003071FD /* main.m */ = {isa = PBXFileReference; lastKnownFileType = sourcecode.c.objc; path = main.m; sourceTree = "<group>"; };
		400384B91B404979003071FD /* AppDelegate.h */ = {isa = PBXFileReference; lastKnownFileType = sourcecode.c.h; path = AppDelegate.h; sourceTree = "<group>"; };
		400384BA1B404979003071FD /* AppDelegate.m */ = {isa = PBXFileReference; lastKnownFileType = sourcecode.c.objc; path = AppDelegate.m; sourceTree = "<group>"; };
		400384BC1B404979003071FD /* ViewController.h */ = {isa = PBXFileReference; lastKnownFileType = sourcecode.c.h; path = ViewController.h; sourceTree = "<group>"; };
		400384BD1B404979003071FD /* ViewController.m */ = {isa = PBXFileReference; lastKnownFileType = sourcecode.c.objc; path = ViewController.m; sourceTree = "<group>"; };
		400384C21B404979003071FD /* Assets.xcassets */ = {isa = PBXFileReference; lastKnownFileType = folder.assetcatalog; path = Assets.xcassets; sourceTree = "<group>"; };
		400384C71B404979003071FD /* Info.plist */ = {isa = PBXFileReference; lastKnownFileType = text.plist.xml; path = Info.plist; sourceTree = "<group>"; };
		400384CE1B404A6F003071FD /* XFSettingTableViewController.h */ = {isa = PBXFileReference; fileEncoding = 4; lastKnownFileType = sourcecode.c.h; name = XFSettingTableViewController.h; path = ../XFSettings/XFSettingTableViewController.h; sourceTree = "<group>"; };
		400384CF1B404A6F003071FD /* XFSettingTableViewController.m */ = {isa = PBXFileReference; fileEncoding = 4; lastKnownFileType = sourcecode.c.objc; name = XFSettingTableViewController.m; path = ../XFSettings/XFSettingTableViewController.m; sourceTree = "<group>"; };
		400384D01B404A6F003071FD /* XFSettingArrowItem.h */ = {isa = PBXFileReference; fileEncoding = 4; lastKnownFileType = sourcecode.c.h; name = XFSettingArrowItem.h; path = ../XFSettings/XFSettingArrowItem.h; sourceTree = "<group>"; };
		400384D11B404A6F003071FD /* XFSettingArrowItem.m */ = {isa = PBXFileReference; fileEncoding = 4; lastKnownFileType = sourcecode.c.objc; name = XFSettingArrowItem.m; path = ../XFSettings/XFSettingArrowItem.m; sourceTree = "<group>"; };
		400384D21B404A6F003071FD /* XFSettingCell.h */ = {isa = PBXFileReference; fileEncoding = 4; lastKnownFileType = sourcecode.c.h; name = XFSettingCell.h; path = ../XFSettings/XFSettingCell.h; sourceTree = "<group>"; };
		400384D31B404A6F003071FD /* XFSettingCell.m */ = {isa = PBXFileReference; fileEncoding = 4; lastKnownFileType = sourcecode.c.objc; name = XFSettingCell.m; path = ../XFSettings/XFSettingCell.m; sourceTree = "<group>"; };
		400384D41B404A6F003071FD /* XFSettingGroup.h */ = {isa = PBXFileReference; fileEncoding = 4; lastKnownFileType = sourcecode.c.h; name = XFSettingGroup.h; path = ../XFSettings/XFSettingGroup.h; sourceTree = "<group>"; };
		400384D51B404A6F003071FD /* XFSettingGroup.m */ = {isa = PBXFileReference; fileEncoding = 4; lastKnownFileType = sourcecode.c.objc; name = XFSettingGroup.m; path = ../XFSettings/XFSettingGroup.m; sourceTree = "<group>"; };
		400384D61B404A6F003071FD /* XFSettingInfoCell.h */ = {isa = PBXFileReference; fileEncoding = 4; lastKnownFileType = sourcecode.c.h; name = XFSettingInfoCell.h; path = ../XFSettings/XFSettingInfoCell.h; sourceTree = "<group>"; };
		400384D71B404A6F003071FD /* XFSettingInfoCell.m */ = {isa = PBXFileReference; fileEncoding = 4; lastKnownFileType = sourcecode.c.objc; name = XFSettingInfoCell.m; path = ../XFSettings/XFSettingInfoCell.m; sourceTree = "<group>"; };
		400384D81B404A6F003071FD /* XFSettingInfoCountCell.h */ = {isa = PBXFileReference; fileEncoding = 4; lastKnownFileType = sourcecode.c.h; name = XFSettingInfoCountCell.h; path = ../XFSettings/XFSettingInfoCountCell.h; sourceTree = "<group>"; };
		400384D91B404A6F003071FD /* XFSettingInfoCountCell.m */ = {isa = PBXFileReference; fileEncoding = 4; lastKnownFileType = sourcecode.c.objc; name = XFSettingInfoCountCell.m; path = ../XFSettings/XFSettingInfoCountCell.m; sourceTree = "<group>"; };
		400384DA1B404A6F003071FD /* XFSettingInfoItem.h */ = {isa = PBXFileReference; fileEncoding = 4; lastKnownFileType = sourcecode.c.h; name = XFSettingInfoItem.h; path = ../XFSettings/XFSettingInfoItem.h; sourceTree = "<group>"; };
		400384DB1B404A6F003071FD /* XFSettingInfoItem.m */ = {isa = PBXFileReference; fileEncoding = 4; lastKnownFileType = sourcecode.c.objc; name = XFSettingInfoItem.m; path = ../XFSettings/XFSettingInfoItem.m; sourceTree = "<group>"; };
		400384DC1B404A6F003071FD /* XFSettingItem.h */ = {isa = PBXFileReference; fileEncoding = 4; lastKnownFileType = sourcecode.c.h; name = XFSettingItem.h; path = ../XFSettings/XFSettingItem.h; sourceTree = "<group>"; };
		400384DD1B404A6F003071FD /* XFSettingItem.m */ = {isa = PBXFileReference; fileEncoding = 4; lastKnownFileType = sourcecode.c.objc; name = XFSettingItem.m; path = ../XFSettings/XFSettingItem.m; sourceTree = "<group>"; };
		400384DE1B404A6F003071FD /* XFSettings.h */ = {isa = PBXFileReference; fileEncoding = 4; lastKnownFileType = sourcecode.c.h; name = XFSettings.h; path = ../XFSettings/XFSettings.h; sourceTree = "<group>"; };
		400384DF1B404A6F003071FD /* XFSettingSwitchItem.h */ = {isa = PBXFileReference; fileEncoding = 4; lastKnownFileType = sourcecode.c.h; name = XFSettingSwitchItem.h; path = ../XFSettings/XFSettingSwitchItem.h; sourceTree = "<group>"; };
		400384E01B404A6F003071FD /* XFSettingSwitchItem.m */ = {isa = PBXFileReference; fileEncoding = 4; lastKnownFileType = sourcecode.c.objc; name = XFSettingSwitchItem.m; path = ../XFSettings/XFSettingSwitchItem.m; sourceTree = "<group>"; };
		400384F61B405BA8003071FD /* Default-568h@2x.png */ = {isa = PBXFileReference; lastKnownFileType = image.png; path = "Default-568h@2x.png"; sourceTree = "<group>"; };
		400384FC1B405F52003071FD /* NSString+Tools.h */ = {isa = PBXFileReference; fileEncoding = 4; lastKnownFileType = sourcecode.c.h; name = "NSString+Tools.h"; path = "Category/NSString+Tools.h"; sourceTree = "<group>"; };
		400384FD1B405F52003071FD /* NSString+Tools.m */ = {isa = PBXFileReference; fileEncoding = 4; lastKnownFileType = sourcecode.c.objc; name = "NSString+Tools.m"; path = "Category/NSString+Tools.m"; sourceTree = "<group>"; };
		4046725E1B412F7D00D5BD62 /* XFSettingInfoDotCell.h */ = {isa = PBXFileReference; fileEncoding = 4; lastKnownFileType = sourcecode.c.h; name = XFSettingInfoDotCell.h; path = ../XFSettings/XFSettingInfoDotCell.h; sourceTree = "<group>"; };
		4046725F1B412F7D00D5BD62 /* XFSettingInfoDotCell.m */ = {isa = PBXFileReference; fileEncoding = 4; lastKnownFileType = sourcecode.c.objc; name = XFSettingInfoDotCell.m; path = ../XFSettings/XFSettingInfoDotCell.m; sourceTree = "<group>"; };
		40940A901B968DD6000635EC /* XFSettingAssistImageItem.h */ = {isa = PBXFileReference; fileEncoding = 4; lastKnownFileType = sourcecode.c.h; name = XFSettingAssistImageItem.h; path = ../XFSettings/XFSettingAssistImageItem.h; sourceTree = "<group>"; };
		40940A911B968DD6000635EC /* XFSettingAssistImageItem.m */ = {isa = PBXFileReference; fileEncoding = 4; lastKnownFileType = sourcecode.c.objc; name = XFSettingAssistImageItem.m; path = ../XFSettings/XFSettingAssistImageItem.m; sourceTree = "<group>"; };
		40940ADD1B96A0D1000635EC /* XFCellAttrsData.h */ = {isa = PBXFileReference; fileEncoding = 4; lastKnownFileType = sourcecode.c.h; name = XFCellAttrsData.h; path = ../XFSettings/XFCellAttrsData.h; sourceTree = "<group>"; };
		40940ADE1B96A0D1000635EC /* XFCellAttrsData.m */ = {isa = PBXFileReference; fileEncoding = 4; lastKnownFileType = sourcecode.c.objc; name = XFCellAttrsData.m; path = ../XFSettings/XFCellAttrsData.m; sourceTree = "<group>"; };
		40940AE31B96A0FE000635EC /* XFSettingAssistImageCell.h */ = {isa = PBXFileReference; fileEncoding = 4; lastKnownFileType = sourcecode.c.h; name = XFSettingAssistImageCell.h; path = ../XFSettings/XFSettingAssistImageCell.h; sourceTree = "<group>"; };
		40940AE41B96A0FE000635EC /* XFSettingAssistImageCell.m */ = {isa = PBXFileReference; fileEncoding = 4; lastKnownFileType = sourcecode.c.objc; name = XFSettingAssistImageCell.m; path = ../XFSettings/XFSettingAssistImageCell.m; sourceTree = "<group>"; };
		4098AE991D1AE4ED00F0FE7A /* UIViewController+XFSettings.h */ = {isa = PBXFileReference; fileEncoding = 4; lastKnownFileType = sourcecode.c.h; name = "UIViewController+XFSettings.h"; path = "../XFSettings/UIViewController+XFSettings.h"; sourceTree = "<group>"; };
		4098AE9A1D1AE4ED00F0FE7A /* UIViewController+XFSettings.m */ = {isa = PBXFileReference; fileEncoding = 4; lastKnownFileType = sourcecode.c.objc; name = "UIViewController+XFSettings.m"; path = "../XFSettings/UIViewController+XFSettings.m"; sourceTree = "<group>"; };
		4098AE9C1D1AE53700F0FE7A /* XFSettings.m */ = {isa = PBXFileReference; fileEncoding = 4; lastKnownFileType = sourcecode.c.objc; name = XFSettings.m; path = ../XFSettings/XFSettings.m; sourceTree = "<group>"; };
		40C058AC1B7E04FE00575C21 /* XFNewFriendViewController.h */ = {isa = PBXFileReference; fileEncoding = 4; lastKnownFileType = sourcecode.c.h; path = XFNewFriendViewController.h; sourceTree = "<group>"; };
		40C058AD1B7E04FE00575C21 /* XFNewFriendViewController.m */ = {isa = PBXFileReference; fileEncoding = 4; lastKnownFileType = sourcecode.c.objc; path = XFNewFriendViewController.m; sourceTree = "<group>"; };
		40C058AE1B7E04FE00575C21 /* XFNewFriendViewController.xib */ = {isa = PBXFileReference; fileEncoding = 4; lastKnownFileType = file.xib; path = XFNewFriendViewController.xib; sourceTree = "<group>"; };
		40F405791B66257100A93A48 /* UpdateViewController.h */ = {isa = PBXFileReference; fileEncoding = 4; lastKnownFileType = sourcecode.c.h; path = UpdateViewController.h; sourceTree = "<group>"; };
		40F4057A1B66257100A93A48 /* UpdateViewController.m */ = {isa = PBXFileReference; fileEncoding = 4; lastKnownFileType = sourcecode.c.objc; path = UpdateViewController.m; sourceTree = "<group>"; };
		40F4057B1B66257100A93A48 /* UpdateViewController.xib */ = {isa = PBXFileReference; fileEncoding = 4; lastKnownFileType = file.xib; path = UpdateViewController.xib; sourceTree = "<group>"; };
/* End PBXFileReference section */

/* Begin PBXFrameworksBuildPhase section */
		400384B01B404979003071FD /* Frameworks */ = {
			isa = PBXFrameworksBuildPhase;
			buildActionMask = 2147483647;
			files = (
			);
			runOnlyForDeploymentPostprocessing = 0;
		};
/* End PBXFrameworksBuildPhase section */

/* Begin PBXGroup section */
		400384AA1B404979003071FD = {
			isa = PBXGroup;
			children = (
				400384F61B405BA8003071FD /* Default-568h@2x.png */,
				400384CD1B404991003071FD /* XFSettings */,
				400384B51B404979003071FD /* XFSettingsExample */,
				400384B41B404979003071FD /* Products */,
			);
			sourceTree = "<group>";
		};
		400384B41B404979003071FD /* Products */ = {
			isa = PBXGroup;
			children = (
				400384B31B404979003071FD /* XFSettingsExample.app */,
			);
			name = Products;
			sourceTree = "<group>";
		};
		400384B51B404979003071FD /* XFSettingsExample */ = {
			isa = PBXGroup;
			children = (
				400384FB1B405F30003071FD /* Category */,
				400384B91B404979003071FD /* AppDelegate.h */,
				400384BA1B404979003071FD /* AppDelegate.m */,
				400384BC1B404979003071FD /* ViewController.h */,
				400384BD1B404979003071FD /* ViewController.m */,
				40F405791B66257100A93A48 /* UpdateViewController.h */,
				40F4057A1B66257100A93A48 /* UpdateViewController.m */,
				40F4057B1B66257100A93A48 /* UpdateViewController.xib */,
				40C058AC1B7E04FE00575C21 /* XFNewFriendViewController.h */,
				40C058AD1B7E04FE00575C21 /* XFNewFriendViewController.m */,
				40C058AE1B7E04FE00575C21 /* XFNewFriendViewController.xib */,
				400384C21B404979003071FD /* Assets.xcassets */,
				400384C71B404979003071FD /* Info.plist */,
				400384B61B404979003071FD /* Supporting Files */,
			);
			path = XFSettingsExample;
			sourceTree = "<group>";
		};
		400384B61B404979003071FD /* Supporting Files */ = {
			isa = PBXGroup;
			children = (
				400384B71B404979003071FD /* main.m */,
			);
			name = "Supporting Files";
			sourceTree = "<group>";
		};
		400384CD1B404991003071FD /* XFSettings */ = {
			isa = PBXGroup;
			children = (
				400384DE1B404A6F003071FD /* XFSettings.h */,
				4098AE9C1D1AE53700F0FE7A /* XFSettings.m */,
				40940ADD1B96A0D1000635EC /* XFCellAttrsData.h */,
				40940ADE1B96A0D1000635EC /* XFCellAttrsData.m */,
				400384CE1B404A6F003071FD /* XFSettingTableViewController.h */,
				400384CF1B404A6F003071FD /* XFSettingTableViewController.m */,
				400384D21B404A6F003071FD /* XFSettingCell.h */,
				400384D31B404A6F003071FD /* XFSettingCell.m */,
				400384D61B404A6F003071FD /* XFSettingInfoCell.h */,
				400384D71B404A6F003071FD /* XFSettingInfoCell.m */,
				4046725E1B412F7D00D5BD62 /* XFSettingInfoDotCell.h */,
				4046725F1B412F7D00D5BD62 /* XFSettingInfoDotCell.m */,
				400384D81B404A6F003071FD /* XFSettingInfoCountCell.h */,
				400384D91B404A6F003071FD /* XFSettingInfoCountCell.m */,
				40940AE31B96A0FE000635EC /* XFSettingAssistImageCell.h */,
				40940AE41B96A0FE000635EC /* XFSettingAssistImageCell.m */,
				400384D41B404A6F003071FD /* XFSettingGroup.h */,
				400384D51B404A6F003071FD /* XFSettingGroup.m */,
				400384DC1B404A6F003071FD /* XFSettingItem.h */,
				400384DD1B404A6F003071FD /* XFSettingItem.m */,
				400384DF1B404A6F003071FD /* XFSettingSwitchItem.h */,
				400384E01B404A6F003071FD /* XFSettingSwitchItem.m */,
				400384D01B404A6F003071FD /* XFSettingArrowItem.h */,
				400384D11B404A6F003071FD /* XFSettingArrowItem.m */,
				400384DA1B404A6F003071FD /* XFSettingInfoItem.h */,
				400384DB1B404A6F003071FD /* XFSettingInfoItem.m */,
				40940A901B968DD6000635EC /* XFSettingAssistImageItem.h */,
				40940A911B968DD6000635EC /* XFSettingAssistImageItem.m */,
				4098AE991D1AE4ED00F0FE7A /* UIViewController+XFSettings.h */,
				4098AE9A1D1AE4ED00F0FE7A /* UIViewController+XFSettings.m */,
			);
			name = XFSettings;
			sourceTree = "<group>";
		};
		400384FB1B405F30003071FD /* Category */ = {
			isa = PBXGroup;
			children = (
				400384FC1B405F52003071FD /* NSString+Tools.h */,
				400384FD1B405F52003071FD /* NSString+Tools.m */,
			);
			name = Category;
			sourceTree = "<group>";
		};
/* End PBXGroup section */

/* Begin PBXNativeTarget section */
		400384B21B404979003071FD /* XFSettingsExample */ = {
			isa = PBXNativeTarget;
			buildConfigurationList = 400384CA1B404979003071FD /* Build configuration list for PBXNativeTarget "XFSettingsExample" */;
			buildPhases = (
				400384AF1B404979003071FD /* Sources */,
				400384B01B404979003071FD /* Frameworks */,
				400384B11B404979003071FD /* Resources */,
			);
			buildRules = (
			);
			dependencies = (
			);
			name = XFSettingsExample;
			productName = XFSettingsExample;
			productReference = 400384B31B404979003071FD /* XFSettingsExample.app */;
			productType = "com.apple.product-type.application";
		};
/* End PBXNativeTarget section */

/* Begin PBXProject section */
		400384AB1B404979003071FD /* Project object */ = {
			isa = PBXProject;
			attributes = {
				LastUpgradeCheck = 0700;
				ORGANIZATIONNAME = Yizzuide;
				TargetAttributes = {
					400384B21B404979003071FD = {
						CreatedOnToolsVersion = 7.0;
					};
				};
			};
			buildConfigurationList = 400384AE1B404979003071FD /* Build configuration list for PBXProject "XFSettingsExample" */;
			compatibilityVersion = "Xcode 3.2";
			developmentRegion = English;
			hasScannedForEncodings = 0;
			knownRegions = (
				en,
				Base,
			);
			mainGroup = 400384AA1B404979003071FD;
			productRefGroup = 400384B41B404979003071FD /* Products */;
			projectDirPath = "";
			projectRoot = "";
			targets = (
				400384B21B404979003071FD /* XFSettingsExample */,
			);
		};
/* End PBXProject section */

/* Begin PBXResourcesBuildPhase section */
		400384B11B404979003071FD /* Resources */ = {
			isa = PBXResourcesBuildPhase;
			buildActionMask = 2147483647;
			files = (
				400384C31B404979003071FD /* Assets.xcassets in Resources */,
				40C058B01B7E04FE00575C21 /* XFNewFriendViewController.xib in Resources */,
				400384F71B405BA8003071FD /* Default-568h@2x.png in Resources */,
				40F4057D1B66257100A93A48 /* UpdateViewController.xib in Resources */,
			);
			runOnlyForDeploymentPostprocessing = 0;
		};
/* End PBXResourcesBuildPhase section */

/* Begin PBXSourcesBuildPhase section */
		400384AF1B404979003071FD /* Sources */ = {
			isa = PBXSourcesBuildPhase;
			buildActionMask = 2147483647;
			files = (
				404672601B412F7D00D5BD62 /* XFSettingInfoDotCell.m in Sources */,
				400384E41B404A6F003071FD /* XFSettingGroup.m in Sources */,
				4098AE9D1D1AE53700F0FE7A /* XFSettings.m in Sources */,
				40F4057C1B66257100A93A48 /* UpdateViewController.m in Sources */,
				4098AE9B1D1AE4ED00F0FE7A /* UIViewController+XFSettings.m in Sources */,
				40940AE51B96A0FE000635EC /* XFSettingAssistImageCell.m in Sources */,
				400384BE1B404979003071FD /* ViewController.m in Sources */,
				400384BB1B404979003071FD /* AppDelegate.m in Sources */,
				40C058AF1B7E04FE00575C21 /* XFNewFriendViewController.m in Sources */,
				400384E81B404A6F003071FD /* XFSettingItem.m in Sources */,
				40940AE11B96A0D1000635EC /* XFCellAttrsData.m in Sources */,
				40940A921B968DD6000635EC /* XFSettingAssistImageItem.m in Sources */,
				400384E31B404A6F003071FD /* XFSettingCell.m in Sources */,
				400384B81B404979003071FD /* main.m in Sources */,
				400384E21B404A6F003071FD /* XFSettingArrowItem.m in Sources */,
				400384E51B404A6F003071FD /* XFSettingInfoCell.m in Sources */,
				400384E61B404A6F003071FD /* XFSettingInfoCountCell.m in Sources */,
				400384FE1B405F52003071FD /* NSString+Tools.m in Sources */,
				400384E91B404A6F003071FD /* XFSettingSwitchItem.m in Sources */,
				400384E11B404A6F003071FD /* XFSettingTableViewController.m in Sources */,
				400384E71B404A6F003071FD /* XFSettingInfoItem.m in Sources */,
			);
			runOnlyForDeploymentPostprocessing = 0;
		};
/* End PBXSourcesBuildPhase section */

/* Begin XCBuildConfiguration section */
		400384C81B404979003071FD /* Debug */ = {
			isa = XCBuildConfiguration;
			buildSettings = {
				ALWAYS_SEARCH_USER_PATHS = NO;
				CLANG_CXX_LANGUAGE_STANDARD = "gnu++0x";
				CLANG_CXX_LIBRARY = "libc++";
				CLANG_ENABLE_MODULES = YES;
				CLANG_ENABLE_OBJC_ARC = YES;
				CLANG_WARN_BOOL_CONVERSION = YES;
				CLANG_WARN_CONSTANT_CONVERSION = YES;
				CLANG_WARN_DIRECT_OBJC_ISA_USAGE = YES_ERROR;
				CLANG_WARN_EMPTY_BODY = YES;
				CLANG_WARN_ENUM_CONVERSION = YES;
				CLANG_WARN_INT_CONVERSION = YES;
				CLANG_WARN_OBJC_ROOT_CLASS = YES_ERROR;
				CLANG_WARN_UNREACHABLE_CODE = YES;
				CLANG_WARN__DUPLICATE_METHOD_MATCH = YES;
				"CODE_SIGN_IDENTITY[sdk=iphoneos*]" = "iPhone Developer";
				COPY_PHASE_STRIP = NO;
				DEBUG_INFORMATION_FORMAT = dwarf;
				ENABLE_STRICT_OBJC_MSGSEND = YES;
				ENABLE_TESTABILITY = YES;
				GCC_C_LANGUAGE_STANDARD = gnu99;
				GCC_DYNAMIC_NO_PIC = NO;
				GCC_NO_COMMON_BLOCKS = YES;
				GCC_OPTIMIZATION_LEVEL = 0;
				GCC_PREPROCESSOR_DEFINITIONS = (
					"DEBUG=1",
					"$(inherited)",
				);
				GCC_WARN_64_TO_32_BIT_CONVERSION = YES;
				GCC_WARN_ABOUT_RETURN_TYPE = YES_ERROR;
				GCC_WARN_UNDECLARED_SELECTOR = YES;
				GCC_WARN_UNINITIALIZED_AUTOS = YES_AGGRESSIVE;
				GCC_WARN_UNUSED_FUNCTION = YES;
				GCC_WARN_UNUSED_VARIABLE = YES;
				IPHONEOS_DEPLOYMENT_TARGET = 9.0;
				MTL_ENABLE_DEBUG_INFO = YES;
				ONLY_ACTIVE_ARCH = YES;
				SDKROOT = iphoneos;
			};
			name = Debug;
		};
		400384C91B404979003071FD /* Release */ = {
			isa = XCBuildConfiguration;
			buildSettings = {
				ALWAYS_SEARCH_USER_PATHS = NO;
				CLANG_CXX_LANGUAGE_STANDARD = "gnu++0x";
				CLANG_CXX_LIBRARY = "libc++";
				CLANG_ENABLE_MODULES = YES;
				CLANG_ENABLE_OBJC_ARC = YES;
				CLANG_WARN_BOOL_CONVERSION = YES;
				CLANG_WARN_CONSTANT_CONVERSION = YES;
				CLANG_WARN_DIRECT_OBJC_ISA_USAGE = YES_ERROR;
				CLANG_WARN_EMPTY_BODY = YES;
				CLANG_WARN_ENUM_CONVERSION = YES;
				CLANG_WARN_INT_CONVERSION = YES;
				CLANG_WARN_OBJC_ROOT_CLASS = YES_ERROR;
				CLANG_WARN_UNREACHABLE_CODE = YES;
				CLANG_WARN__DUPLICATE_METHOD_MATCH = YES;
				"CODE_SIGN_IDENTITY[sdk=iphoneos*]" = "iPhone Developer";
				COPY_PHASE_STRIP = NO;
				DEBUG_INFORMATION_FORMAT = "dwarf-with-dsym";
				ENABLE_NS_ASSERTIONS = NO;
				ENABLE_STRICT_OBJC_MSGSEND = YES;
				GCC_C_LANGUAGE_STANDARD = gnu99;
				GCC_NO_COMMON_BLOCKS = YES;
				GCC_WARN_64_TO_32_BIT_CONVERSION = YES;
				GCC_WARN_ABOUT_RETURN_TYPE = YES_ERROR;
				GCC_WARN_UNDECLARED_SELECTOR = YES;
				GCC_WARN_UNINITIALIZED_AUTOS = YES_AGGRESSIVE;
				GCC_WARN_UNUSED_FUNCTION = YES;
				GCC_WARN_UNUSED_VARIABLE = YES;
				IPHONEOS_DEPLOYMENT_TARGET = 9.0;
				MTL_ENABLE_DEBUG_INFO = NO;
				SDKROOT = iphoneos;
				VALIDATE_PRODUCT = YES;
			};
			name = Release;
		};
		400384CB1B404979003071FD /* Debug */ = {
			isa = XCBuildConfiguration;
			buildSettings = {
				ASSETCATALOG_COMPILER_APPICON_NAME = AppIcon;
				INFOPLIST_FILE = XFSettingsExample/Info.plist;
				IPHONEOS_DEPLOYMENT_TARGET = 8.0;
				LD_RUNPATH_SEARCH_PATHS = "$(inherited) @executable_path/Frameworks";
				PRODUCT_BUNDLE_IDENTIFIER = com.yizzuide.XFSettingsExample;
				PRODUCT_NAME = "$(TARGET_NAME)";
			};
			name = Debug;
		};
		400384CC1B404979003071FD /* Release */ = {
			isa = XCBuildConfiguration;
			buildSettings = {
				ASSETCATALOG_COMPILER_APPICON_NAME = AppIcon;
				INFOPLIST_FILE = XFSettingsExample/Info.plist;
				IPHONEOS_DEPLOYMENT_TARGET = 8.0;
				LD_RUNPATH_SEARCH_PATHS = "$(inherited) @executable_path/Frameworks";
				PRODUCT_BUNDLE_IDENTIFIER = com.yizzuide.XFSettingsExample;
				PRODUCT_NAME = "$(TARGET_NAME)";
			};
			name = Release;
		};
/* End XCBuildConfiguration section */

/* Begin XCConfigurationList section */
		400384AE1B404979003071FD /* Build configuration list for PBXProject "XFSettingsExample" */ = {
			isa = XCConfigurationList;
			buildConfigurations = (
				400384C81B404979003071FD /* Debug */,
				400384C91B404979003071FD /* Release */,
			);
			defaultConfigurationIsVisible = 0;
			defaultConfigurationName = Release;
		};
		400384CA1B404979003071FD /* Build configuration list for PBXNativeTarget "XFSettingsExample" */ = {
			isa = XCConfigurationList;
			buildConfigurations = (
				400384CB1B404979003071FD /* Debug */,
				400384CC1B404979003071FD /* Release */,
			);
			defaultConfigurationIsVisible = 0;
			defaultConfigurationName = Release;
		};
/* End XCConfigurationList section */
	};
	rootObject = 400384AB1B404979003071FD /* Project object */;
}
